
Microsoft Visual Studio Solution File, Format Version 12.00
# Visual Studio Version 17
VisualStudioVersion = 17.4.33205.214
MinimumVisualStudioVersion = 10.0.40219.1
Project("{8BC9CEB8-8B4A-11D0-8D11-00A0C91BC942}") = "InEvitable", "InEvitable\InEvitable.vcxproj", "{9FFF9CEE-D564-4603-8487-87CCC851205B}"
EndProject
Global
	GlobalSection(SolutionConfigurationPlatforms) = preSolution
		Debug|x64 = Debug|x64
		Debug|x86 = Debug|x86
		Release|x64 = Release|x64
		Release|x86 = Release|x86
	EndGlobalSection
	GlobalSection(ProjectConfigurationPlatforms) = postSolution
		{9FFF9CEE-D564-4603-8487-87CCC851205B}.Debug|x64.ActiveCfg = Debug|x64
		{9FFF9CEE-D564-4603-8487-87CCC851205B}.Debug|x64.Build.0 = Debug|x64
		{9FFF9CEE-D564-4603-8487-87CCC851205B}.Debug|x86.ActiveCfg = Debug|Win32
		{9FFF9CEE-D564-4603-8487-87CCC851205B}.Debug|x86.Build.0 = Debug|Win32
		{9FFF9CEE-D564-4603-8487-87CCC851205B}.Release|x64.ActiveCfg = Release|x64
		{9FFF9CEE-D564-4603-8487-87CCC851205B}.Release|x64.Build.0 = Release|x64
		{9FFF9CEE-D564-4603-8487-87CCC851205B}.Release|x86.ActiveCfg = Release|Win32
		{9FFF9CEE-D564-4603-8487-87CCC851205B}.Release|x86.Build.0 = Release|Win32
	EndGlobalSection
	GlobalSection(SolutionProperties) = preSolution
		HideSolutionNode = FALSE
	EndGlobalSection
	GlobalSection(ExtensibilityGlobals) = postSolution
		SolutionGuid = {5ACBE952-9D5F-43BB-A80D-6C22F106C6FA}
	EndGlobalSection
EndGlobal
